
Microsoft Visual Studio Solution File, Format Version 12.00
# Visual Studio Version 17
VisualStudioVersion = 17.0.32126.317
MinimumVisualStudioVersion = 10.0.40219.1
Project("{9A19103F-16F7-4668-BE54-9A1E7A4F7556}") = "SquadronGameServer", "SquadronGameServer\SquadronGameServer.csproj", "{837CDD0D-A873-406B-9266-F73D18BFF6C7}"
EndProject
Project("{9A19103F-16F7-4668-BE54-9A1E7A4F7556}") = "GameServer.Models", "GameServer.Models\GameServer.Models.csproj", "{EDFD32A6-D75F-4706-9D93-E28D810E3CAE}"
EndProject
Project("{9A19103F-16F7-4668-BE54-9A1E7A4F7556}") = "GameServer.Data", "GameServer.Data\GameServer.Data.csproj", "{6B727AF4-2DC8-46B5-BF45-4CCE017FB0C5}"
EndProject
Project("{FAE04EC0-301F-11D3-BF4B-00C04F79EFBC}") = "GameServer.Services", "GameServer.Services\GameServer.Services.csproj", "{20DE1BBE-8507-4704-BC48-BC06FFB6F973}"
EndProject
Global
	GlobalSection(SolutionConfigurationPlatforms) = preSolution
		Debug|Any CPU = Debug|Any CPU
		Release|Any CPU = Release|Any CPU
	EndGlobalSection
	GlobalSection(ProjectConfigurationPlatforms) = postSolution
		{837CDD0D-A873-406B-9266-F73D18BFF6C7}.Debug|Any CPU.ActiveCfg = Debug|Any CPU
		{837CDD0D-A873-406B-9266-F73D18BFF6C7}.Debug|Any CPU.Build.0 = Debug|Any CPU
		{837CDD0D-A873-406B-9266-F73D18BFF6C7}.Release|Any CPU.ActiveCfg = Release|Any CPU
		{837CDD0D-A873-406B-9266-F73D18BFF6C7}.Release|Any CPU.Build.0 = Release|Any CPU
		{EDFD32A6-D75F-4706-9D93-E28D810E3CAE}.Debug|Any CPU.ActiveCfg = Debug|Any CPU
		{EDFD32A6-D75F-4706-9D93-E28D810E3CAE}.Debug|Any CPU.Build.0 = Debug|Any CPU
		{EDFD32A6-D75F-4706-9D93-E28D810E3CAE}.Release|Any CPU.ActiveCfg = Release|Any CPU
		{EDFD32A6-D75F-4706-9D93-E28D810E3CAE}.Release|Any CPU.Build.0 = Release|Any CPU
		{6B727AF4-2DC8-46B5-BF45-4CCE017FB0C5}.Debug|Any CPU.ActiveCfg = Debug|Any CPU
		{6B727AF4-2DC8-46B5-BF45-4CCE017FB0C5}.Debug|Any CPU.Build.0 = Debug|Any CPU
		{6B727AF4-2DC8-46B5-BF45-4CCE017FB0C5}.Release|Any CPU.ActiveCfg = Release|Any CPU
		{6B727AF4-2DC8-46B5-BF45-4CCE017FB0C5}.Release|Any CPU.Build.0 = Release|Any CPU
		{20DE1BBE-8507-4704-BC48-BC06FFB6F973}.Debug|Any CPU.ActiveCfg = Debug|Any CPU
		{20DE1BBE-8507-4704-BC48-BC06FFB6F973}.Debug|Any CPU.Build.0 = Debug|Any CPU
		{20DE1BBE-8507-4704-BC48-BC06FFB6F973}.Release|Any CPU.ActiveCfg = Release|Any CPU
		{20DE1BBE-8507-4704-BC48-BC06FFB6F973}.Release|Any CPU.Build.0 = Release|Any CPU
	EndGlobalSection
	GlobalSection(SolutionProperties) = preSolution
		HideSolutionNode = FALSE
	EndGlobalSection
	GlobalSection(ExtensibilityGlobals) = postSolution
		SolutionGuid = {9FB5FD51-4D1B-47CD-AF20-8F5A6CC61EE6}
	EndGlobalSection
EndGlobal
